github.com/88250/gulu v1.2.3-0.20250227144607-7f4570b0d689 h1:39y5g7vnFAIcXhTN3IXPk7h2xBhC4a9hBTykDhHJqRY=
github.com/88250/gulu v1.2.3-0.20250227144607-7f4570b0d689/go.mod h1:c8uVw25vW2W4dhJ/j4iYsX5H1hc19spim266jO5x2hU=
github.com/88250/lute v1.7.7-0.20250801084148-32f2ef961381 h1:On7e0kQ5WCCbY+B+ItjkUyqwzChPXiMpI9hlpbTYwfc=
github.com/88250/lute v1.7.7-0.20250801084148-32f2ef961381/go.mod h1:WYyUw//5yVw9BJnoVjx7rI/3szsISxNZCYGOqTIrV0o=
github.com/goccy/go-json v0.10.5 h1:Fq85nIqj+gXn/S5ahsiTlK3TmC85qgirsdTP/+DeaC4=
github.com/goccy/go-json v0.10.5/go.mod h1:oq7eo15ShAhp70Anwd5lgX2pLfOS3QCiwU/PULtXL6M=
golang.org/x/text v0.27.0 h1:4fGWRpyh641NLlecmyl4LOe6yDdfaYNrGb2zdfo4JV4=
golang.org/x/text v0.27.0/go.mod h1:1D28KMCvyooCX9hBiosv5Tz/+YLxj0j7XhWjpSUF7CU=
